
Microsoft Visual Studio Solution File, Format Version 12.00
# Visual Studio Version 16
VisualStudioVersion = 16.0.34301.259
MinimumVisualStudioVersion = 10.0.40219.1
Project("{FAE04EC0-301F-11D3-BF4B-00C04F79EFBC}") = "BarangayPH", "BarangayPH\BarangayPH.csproj", "{24CCB6DC-D5B0-423F-8330-F696343C8F9C}"
EndProject
Global
	GlobalSection(SolutionConfigurationPlatforms) = preSolution
		Debug|Any CPU = Debug|Any CPU
		Release|Any CPU = Release|Any CPU
	EndGlobalSection
	GlobalSection(ProjectConfigurationPlatforms) = postSolution
		{24CCB6DC-D5B0-423F-8330-F696343C8F9C}.Debug|Any CPU.ActiveCfg = Debug|Any CPU
		{24CCB6DC-D5B0-423F-8330-F696343C8F9C}.Debug|Any CPU.Build.0 = Debug|Any CPU
		{24CCB6DC-D5B0-423F-8330-F696343C8F9C}.Release|Any CPU.ActiveCfg = Release|Any CPU
		{24CCB6DC-D5B0-423F-8330-F696343C8F9C}.Release|Any CPU.Build.0 = Release|Any CPU
	EndGlobalSection
	GlobalSection(SolutionProperties) = preSolution
		HideSolutionNode = FALSE
	EndGlobalSection
	GlobalSection(ExtensibilityGlobals) = postSolution
		SolutionGuid = {30F4BE55-E12E-4C37-855F-A99F1661AB50}
	EndGlobalSection
EndGlobal
